<?xml version="1.0" encoding="utf-8"?>
<Project ToolsVersion="4.0" xmlns="http://schemas.microsoft.com/developer/msbuild/2003">
  <ItemGroup>
    <Filter Include="Source Files">
      <UniqueIdentifier>{4FC737F1-C7A5-4376-A066-2A32D752A2FF}</UniqueIdentifier>
      <Extensions>cpp;c;cc;cxx;def;odl;idl;hpj;bat;asm;asmx</Extensions>
    </Filter>
    <Filter Include="Header Files">
      <UniqueIdentifier>{93995380-89BD-4b04-88EB-625FBE52EBFB}</UniqueIdentifier>
      <Extensions>h;hh;hpp;hxx;hm;inl;inc;xsd</Extensions>
    </Filter>
    <Filter Include="Resource Files">
      <UniqueIdentifier>{67DA6AB6-F800-4c08-8B7A-83BB121AAD01}</UniqueIdentifier>
      <Extensions>rc;ico;cur;bmp;dlg;rc2;rct;bin;rgs;gif;jpg;jpeg;jpe;resx;tiff;tif;png;wav;mfcribbon-ms</Extensions>
    </Filter>
  </ItemGroup>
  <ItemGroup>
    <ClInclude Include="VYGE\src\AnimatedObject.h">
      <Filter>Header Files</Filter>
    </ClInclude>
    <ClInclude Include="VYGE\src\BoundingVolume.h">
      <Filter>Header Files</Filter>
    </ClInclude>
    <ClInclude Include="VYGE\src\CollisionDetection.h">
      <Filter>Header Files</Filter>
    </ClInclude>
    <ClInclude Include="VYGE\src\DeviceEnumeration.h">
      <Filter>Header Files</Filter>
    </ClInclude>
    <ClInclude Include="VYGE\src\Engine.h">
      <Filter>Header Files</Filter>
    </ClInclude>
    <ClInclude Include="VYGE\src\Font.h">
      <Filter>Header Files</Filter>
    </ClInclude>
    <ClInclude Include="VYGE\src\Geometry.h">
      <Filter>Header Files</Filter>
    </ClInclude>
    <ClInclude Include="VYGE\src\Input.h">
      <Filter>Header Files</Filter>
    </ClInclude>
    <ClInclude Include="VYGE\src\LinkedList.h">
      <Filter>Header Files</Filter>
    </ClInclude>
    <ClInclude Include="VYGE\src\Material.h">
      <Filter>Header Files</Filter>
    </ClInclude>
    <ClInclude Include="VYGE\src\Mesh.h">
      <Filter>Header Files</Filter>
    </ClInclude>
    <ClInclude Include="VYGE\src\Network.h">
      <Filter>Header Files</Filter>
    </ClInclude>
    <ClInclude Include="VYGE\src\RenderCache.h">
      <Filter>Header Files</Filter>
    </ClInclude>
    <ClInclude Include="VYGE\src\Resource.h">
      <Filter>Header Files</Filter>
    </ClInclude>
    <ClInclude Include="VYGE\src\ResourceManagement.h">
      <Filter>Header Files</Filter>
    </ClInclude>
    <ClInclude Include="VYGE\src\SceneManager.h">
      <Filter>Header Files</Filter>
    </ClInclude>
    <ClInclude Include="VYGE\src\SceneObject.h">
      <Filter>Header Files</Filter>
    </ClInclude>
    <ClInclude Include="VYGE\src\Scripting.h">
      <Filter>Header Files</Filter>
    </ClInclude>
    <ClInclude Include="VYGE\src\SoundSystem.h">
      <Filter>Header Files</Filter>
    </ClInclude>
    <ClInclude Include="VYGE\src\SpawnerObject.h">
      <Filter>Header Files</Filter>
    </ClInclude>
    <ClInclude Include="VYGE\src\State.h">
      <Filter>Header Files</Filter>
    </ClInclude>
    <ClInclude Include="VYGE\src\ViewFrustum.h">
      <Filter>Header Files</Filter>
    </ClInclude>
  </ItemGroup>
  <ItemGroup>
    <ClCompile Include="VYGE\src\AnimatedObject.cpp">
      <Filter>Source Files</Filter>
    </ClCompile>
    <ClCompile Include="VYGE\src\BoundingVolume.cpp">
      <Filter>Source Files</Filter>
    </ClCompile>
    <ClCompile Include="VYGE\src\DeviceEnumeration.cpp">
      <Filter>Source Files</Filter>
    </ClCompile>
    <ClCompile Include="VYGE\src\Engine.cpp">
      <Filter>Source Files</Filter>
    </ClCompile>
    <ClCompile Include="VYGE\src\Font.cpp">
      <Filter>Source Files</Filter>
    </ClCompile>
    <ClCompile Include="VYGE\src\Input.cpp">
      <Filter>Source Files</Filter>
    </ClCompile>
    <ClCompile Include="VYGE\src\Material.cpp">
      <Filter>Source Files</Filter>
    </ClCompile>
    <ClCompile Include="VYGE\src\Mesh.cpp">
      <Filter>Source Files</Filter>
    </ClCompile>
    <ClCompile Include="VYGE\src\Network.cpp">
      <Filter>Source Files</Filter>
    </ClCompile>
    <ClCompile Include="VYGE\src\RenderCache.cpp">
      <Filter>Source Files</Filter>
    </ClCompile>
    <ClCompile Include="VYGE\src\SceneManager.cpp">
      <Filter>Source Files</Filter>
    </ClCompile>
    <ClCompile Include="VYGE\src\SceneObject.cpp">
      <Filter>Source Files</Filter>
    </ClCompile>
    <ClCompile Include="VYGE\src\Scripting.cpp">
      <Filter>Source Files</Filter>
    </ClCompile>
    <ClCompile Include="VYGE\src\SoundSystem.cpp">
      <Filter>Source Files</Filter>
    </ClCompile>
    <ClCompile Include="VYGE\src\SpawnerObject.cpp">
      <Filter>Source Files</Filter>
    </ClCompile>
    <ClCompile Include="VYGE\src\State.cpp">
      <Filter>Source Files</Filter>
    </ClCompile>
    <ClCompile Include="VYGE\src\ViewFrustum.cpp">
      <Filter>Source Files</Filter>
    </ClCompile>
  </ItemGroup>
</Project>